
Microsoft Visual Studio Solution File, Format Version 12.00
# Visual Studio Version 16
VisualStudioVersion = 16.0.31402.337
MinimumVisualStudioVersion = 10.0.40219.1
Project("{FAE04EC0-301F-11D3-BF4B-00C04F79EFBC}") = "2021-06-14_uploadFile", "2021-06-14_uploadFile.csproj", "{80C55C3F-BDBF-4C46-B469-FBAE37BB7CD2}"
EndProject
Global
	GlobalSection(SolutionConfigurationPlatforms) = preSolution
		Debug|Any CPU = Debug|Any CPU
		Release|Any CPU = Release|Any CPU
	EndGlobalSection
	GlobalSection(ProjectConfigurationPlatforms) = postSolution
		{80C55C3F-BDBF-4C46-B469-FBAE37BB7CD2}.Debug|Any CPU.ActiveCfg = Debug|Any CPU
		{80C55C3F-BDBF-4C46-B469-FBAE37BB7CD2}.Debug|Any CPU.Build.0 = Debug|Any CPU
		{80C55C3F-BDBF-4C46-B469-FBAE37BB7CD2}.Release|Any CPU.ActiveCfg = Release|Any CPU
		{80C55C3F-BDBF-4C46-B469-FBAE37BB7CD2}.Release|Any CPU.Build.0 = Release|Any CPU
	EndGlobalSection
	GlobalSection(SolutionProperties) = preSolution
		HideSolutionNode = FALSE
	EndGlobalSection
	GlobalSection(ExtensibilityGlobals) = postSolution
		SolutionGuid = {3F85B1E6-912E-4DE7-8282-A1753D5F5768}
	EndGlobalSection
EndGlobal
